
Microsoft Visual Studio Solution File, Format Version 12.00
Project("{FAE04EC0-301F-11D3-BF4B-00C04F79EFBC}") = "ShardingYearAndMonth", "ShardingYearAndMonth\ShardingYearAndMonth.csproj", "{59C129C4-88FD-4A4A-914D-1C5010E863AF}"
EndProject
Global
	GlobalSection(SolutionConfigurationPlatforms) = preSolution
		Debug|Any CPU = Debug|Any CPU
		Release|Any CPU = Release|Any CPU
	EndGlobalSection
	GlobalSection(ProjectConfigurationPlatforms) = postSolution
		{59C129C4-88FD-4A4A-914D-1C5010E863AF}.Debug|Any CPU.ActiveCfg = Debug|Any CPU
		{59C129C4-88FD-4A4A-914D-1C5010E863AF}.Debug|Any CPU.Build.0 = Debug|Any CPU
		{59C129C4-88FD-4A4A-914D-1C5010E863AF}.Release|Any CPU.ActiveCfg = Release|Any CPU
		{59C129C4-88FD-4A4A-914D-1C5010E863AF}.Release|Any CPU.Build.0 = Release|Any CPU
	EndGlobalSection
EndGlobal
